PODS:
  - FontAwesome.swift (0.7.3)
  - KFSwiftImageLoader (2.0.1)
  - Signals (3.0.0)
  - SwiftyJSON (2.3.2)

DEPENDENCIES:
  - FontAwesome.swift
  - KFSwiftImageLoader
  - Signals
  - SwiftyJSON

SPEC CHECKSUMS:
  FontAwesome.swift: f694fe0f667d6d3390b5919cdb0556a27b75d427
  KFSwiftImageLoader: a2b8a33a89116c767e7af8d2c109e8c483037b19
  Signals: 12c4fb55c7a0bd047f50afa7394939870c90333a
  SwiftyJSON: 04ccea08915aa0109039157c7974cf0298da292a

PODFILE CHECKSUM: c03a37e104619a91d2c71dde393779cc65d3d90d

COCOAPODS: 1.0.0.beta.8
